
Microsoft Visual Studio Solution File, Format Version 12.00
Project("{FAE04EC0-301F-11D3-BF4B-00C04F79EFBC}") = "StartUp", "StartUp\StartUp.csproj", "{9C8E251D-CF9D-4B5F-AC11-8853F4E5C8B0}"
EndProject
Project("{FAE04EC0-301F-11D3-BF4B-00C04F79EFBC}") = "Application", "Application\Application.csproj", "{006A596F-25D1-47AB-BB28-97803B7F6C1B}"
EndProject
Global
	GlobalSection(SolutionConfigurationPlatforms) = preSolution
		Debug|Any CPU = Debug|Any CPU
		Release|Any CPU = Release|Any CPU
	EndGlobalSection
	GlobalSection(ProjectConfigurationPlatforms) = postSolution
		{9C8E251D-CF9D-4B5F-AC11-8853F4E5C8B0}.Debug|Any CPU.ActiveCfg = Debug|Any CPU
		{9C8E251D-CF9D-4B5F-AC11-8853F4E5C8B0}.Debug|Any CPU.Build.0 = Debug|Any CPU
		{9C8E251D-CF9D-4B5F-AC11-8853F4E5C8B0}.Release|Any CPU.ActiveCfg = Release|Any CPU
		{9C8E251D-CF9D-4B5F-AC11-8853F4E5C8B0}.Release|Any CPU.Build.0 = Release|Any CPU
		{006A596F-25D1-47AB-BB28-97803B7F6C1B}.Debug|Any CPU.ActiveCfg = Debug|Any CPU
		{006A596F-25D1-47AB-BB28-97803B7F6C1B}.Debug|Any CPU.Build.0 = Debug|Any CPU
		{006A596F-25D1-47AB-BB28-97803B7F6C1B}.Release|Any CPU.ActiveCfg = Release|Any CPU
		{006A596F-25D1-47AB-BB28-97803B7F6C1B}.Release|Any CPU.Build.0 = Release|Any CPU
	EndGlobalSection
EndGlobal
